
Microsoft Visual Studio Solution File, Format Version 12.00
# Visual Studio Version 17
VisualStudioVersion = 17.8.34309.116
MinimumVisualStudioVersion = 10.0.40219.1
Project("{FAE04EC0-301F-11D3-BF4B-00C04F79EFBC}") = "WhitleLagoon.Web", "WhitleLagoon.Web\WhitleLagoon.Web.csproj", "{0E64B6D7-DEBF-4A4E-904A-FB0BCAEC319A}"
EndProject
Global
	GlobalSection(SolutionConfigurationPlatforms) = preSolution
		Debug|Any CPU = Debug|Any CPU
		Release|Any CPU = Release|Any CPU
	EndGlobalSection
	GlobalSection(ProjectConfigurationPlatforms) = postSolution
		{0E64B6D7-DEBF-4A4E-904A-FB0BCAEC319A}.Debug|Any CPU.ActiveCfg = Debug|Any CPU
		{0E64B6D7-DEBF-4A4E-904A-FB0BCAEC319A}.Debug|Any CPU.Build.0 = Debug|Any CPU
		{0E64B6D7-DEBF-4A4E-904A-FB0BCAEC319A}.Release|Any CPU.ActiveCfg = Release|Any CPU
		{0E64B6D7-DEBF-4A4E-904A-FB0BCAEC319A}.Release|Any CPU.Build.0 = Release|Any CPU
	EndGlobalSection
	GlobalSection(SolutionProperties) = preSolution
		HideSolutionNode = FALSE
	EndGlobalSection
	GlobalSection(ExtensibilityGlobals) = postSolution
		SolutionGuid = {6334C894-BB9A-4A40-90E3-B850E19DBA51}
	EndGlobalSection
EndGlobal
